# This file is automatically @generated by Cargo.
# It is not intended for manual editing.
[[package]]
name = "libc"
version = "0.2.80"
source = "registry+https://github.com/rust-lang/crates.io-index"
checksum = "4d58d1b70b004888f764dfbf6a26a3b0342a1632d33968e4a179d8011c760614"

[[package]]
name = "nds-sys"
version = "0.1.0"
source = "git+https://github.com/Kamefrede/nds-rs#56121f42076ecd3c7fbb9f0186e1e319d69da45c"
dependencies = [
 "libc",
]

[[package]]
name = "nds-testing"
version = "0.1.0"
dependencies = [
 "nds-sys",
]
